
Microsoft Visual Studio Solution File, Format Version 12.00
# Visual Studio 15
VisualStudioVersion = 15.0.26430.16
MinimumVisualStudioVersion = 10.0.40219.1
Project("{FAE04EC0-301F-11D3-BF4B-00C04F79EFBC}") = "PsddfCsApp", "PsddfCsApp\PsddfCsApp.csproj", "{C5DC70DE-392F-4DFD-875E-8ED8972EBD03}"
EndProject
Project("{FAE04EC0-301F-11D3-BF4B-00C04F79EFBC}") = "PsddfCs", "PsddfCs\PsddfCs.csproj", "{746C97BF-E707-40D9-A46D-5130EF657E13}"
EndProject
Project("{FAE04EC0-301F-11D3-BF4B-00C04F79EFBC}") = "PsddfCsCli", "PsddfCsCli\PsddfCsCli.csproj", "{3BFA5BB1-6D23-449B-9EB7-323DC11CADD2}"
EndProject
Global
	GlobalSection(SolutionConfigurationPlatforms) = preSolution
		Debug|Any CPU = Debug|Any CPU
		Release|Any CPU = Release|Any CPU
	EndGlobalSection
	GlobalSection(ProjectConfigurationPlatforms) = postSolution
		{C5DC70DE-392F-4DFD-875E-8ED8972EBD03}.Debug|Any CPU.ActiveCfg = Debug|Any CPU
		{C5DC70DE-392F-4DFD-875E-8ED8972EBD03}.Debug|Any CPU.Build.0 = Debug|Any CPU
		{C5DC70DE-392F-4DFD-875E-8ED8972EBD03}.Release|Any CPU.ActiveCfg = Release|Any CPU
		{C5DC70DE-392F-4DFD-875E-8ED8972EBD03}.Release|Any CPU.Build.0 = Release|Any CPU
		{746C97BF-E707-40D9-A46D-5130EF657E13}.Debug|Any CPU.ActiveCfg = Debug|Any CPU
		{746C97BF-E707-40D9-A46D-5130EF657E13}.Debug|Any CPU.Build.0 = Debug|Any CPU
		{746C97BF-E707-40D9-A46D-5130EF657E13}.Release|Any CPU.ActiveCfg = Release|Any CPU
		{746C97BF-E707-40D9-A46D-5130EF657E13}.Release|Any CPU.Build.0 = Release|Any CPU
		{3BFA5BB1-6D23-449B-9EB7-323DC11CADD2}.Debug|Any CPU.ActiveCfg = Debug|Any CPU
		{3BFA5BB1-6D23-449B-9EB7-323DC11CADD2}.Debug|Any CPU.Build.0 = Debug|Any CPU
		{3BFA5BB1-6D23-449B-9EB7-323DC11CADD2}.Release|Any CPU.ActiveCfg = Release|Any CPU
		{3BFA5BB1-6D23-449B-9EB7-323DC11CADD2}.Release|Any CPU.Build.0 = Release|Any CPU
	EndGlobalSection
	GlobalSection(SolutionProperties) = preSolution
		HideSolutionNode = FALSE
	EndGlobalSection
EndGlobal
